
Microsoft Visual Studio Solution File, Format Version 12.00
# Visual Studio Version 17
VisualStudioVersion = 17.7.34221.43
MinimumVisualStudioVersion = 10.0.40219.1
Project("{FAE04EC0-301F-11D3-BF4B-00C04F79EFBC}") = "Interface-Practise", "Interface-Practise\Interface-Practise.csproj", "{452E6B3B-0D75-4551-85DA-66BE6528CD88}"
EndProject
Global
	GlobalSection(SolutionConfigurationPlatforms) = preSolution
		Debug|Any CPU = Debug|Any CPU
		Release|Any CPU = Release|Any CPU
	EndGlobalSection
	GlobalSection(ProjectConfigurationPlatforms) = postSolution
		{452E6B3B-0D75-4551-85DA-66BE6528CD88}.Debug|Any CPU.ActiveCfg = Debug|Any CPU
		{452E6B3B-0D75-4551-85DA-66BE6528CD88}.Debug|Any CPU.Build.0 = Debug|Any CPU
		{452E6B3B-0D75-4551-85DA-66BE6528CD88}.Release|Any CPU.ActiveCfg = Release|Any CPU
		{452E6B3B-0D75-4551-85DA-66BE6528CD88}.Release|Any CPU.Build.0 = Release|Any CPU
	EndGlobalSection
	GlobalSection(SolutionProperties) = preSolution
		HideSolutionNode = FALSE
	EndGlobalSection
	GlobalSection(ExtensibilityGlobals) = postSolution
		SolutionGuid = {97BCC821-4A90-400C-8F9D-46F87DBC5032}
	EndGlobalSection
EndGlobal
